
Microsoft Visual Studio Solution File, Format Version 12.00
# Visual Studio 15
VisualStudioVersion = 15.0.27130.2036
MinimumVisualStudioVersion = 10.0.40219.1
Project("{FAE04EC0-301F-11D3-BF4B-00C04F79EFBC}") = "tr3am", "tr3am\tr3am.csproj", "{7488C3B8-24B8-4CA8-9568-FEA70F52F8D9}"
EndProject
Global
	GlobalSection(SolutionConfigurationPlatforms) = preSolution
		Debug|Any CPU = Debug|Any CPU
		Release|Any CPU = Release|Any CPU
	EndGlobalSection
	GlobalSection(ProjectConfigurationPlatforms) = postSolution
		{7488C3B8-24B8-4CA8-9568-FEA70F52F8D9}.Debug|Any CPU.ActiveCfg = Debug|Any CPU
		{7488C3B8-24B8-4CA8-9568-FEA70F52F8D9}.Debug|Any CPU.Build.0 = Debug|Any CPU
		{7488C3B8-24B8-4CA8-9568-FEA70F52F8D9}.Release|Any CPU.ActiveCfg = Release|Any CPU
		{7488C3B8-24B8-4CA8-9568-FEA70F52F8D9}.Release|Any CPU.Build.0 = Release|Any CPU
	EndGlobalSection
	GlobalSection(SolutionProperties) = preSolution
		HideSolutionNode = FALSE
	EndGlobalSection
	GlobalSection(ExtensibilityGlobals) = postSolution
		SolutionGuid = {994CD830-0CF8-4DD1-A631-4C7D644AAA00}
	EndGlobalSection
EndGlobal
